
Microsoft Visual Studio Solution File, Format Version 12.00
# Visual Studio Version 17
VisualStudioVersion = 17.8.34525.116
MinimumVisualStudioVersion = 10.0.40219.1
Project("{9A19103F-16F7-4668-BE54-9A1E7A4F7556}") = "WorkAround", "WorkAround\WorkAround.csproj", "{93B713E4-CBA7-4E29-8D6E-370C48BE4935}"
EndProject
Project("{9A19103F-16F7-4668-BE54-9A1E7A4F7556}") = "Entities", "Entities\Entities.csproj", "{7882AA4F-3363-405F-8F56-40191228AA96}"
EndProject
Project("{FAE04EC0-301F-11D3-BF4B-00C04F79EFBC}") = "Business", "Business\Business.csproj", "{344C5FD8-5B58-4994-BE62-E6AFB9D3A780}"
EndProject
Global
	GlobalSection(SolutionConfigurationPlatforms) = preSolution
		Debug|Any CPU = Debug|Any CPU
		Release|Any CPU = Release|Any CPU
	EndGlobalSection
	GlobalSection(ProjectConfigurationPlatforms) = postSolution
		{93B713E4-CBA7-4E29-8D6E-370C48BE4935}.Debug|Any CPU.ActiveCfg = Debug|Any CPU
		{93B713E4-CBA7-4E29-8D6E-370C48BE4935}.Debug|Any CPU.Build.0 = Debug|Any CPU
		{93B713E4-CBA7-4E29-8D6E-370C48BE4935}.Release|Any CPU.ActiveCfg = Release|Any CPU
		{93B713E4-CBA7-4E29-8D6E-370C48BE4935}.Release|Any CPU.Build.0 = Release|Any CPU
		{7882AA4F-3363-405F-8F56-40191228AA96}.Debug|Any CPU.ActiveCfg = Debug|Any CPU
		{7882AA4F-3363-405F-8F56-40191228AA96}.Debug|Any CPU.Build.0 = Debug|Any CPU
		{7882AA4F-3363-405F-8F56-40191228AA96}.Release|Any CPU.ActiveCfg = Release|Any CPU
		{7882AA4F-3363-405F-8F56-40191228AA96}.Release|Any CPU.Build.0 = Release|Any CPU
		{344C5FD8-5B58-4994-BE62-E6AFB9D3A780}.Debug|Any CPU.ActiveCfg = Debug|Any CPU
		{344C5FD8-5B58-4994-BE62-E6AFB9D3A780}.Debug|Any CPU.Build.0 = Debug|Any CPU
		{344C5FD8-5B58-4994-BE62-E6AFB9D3A780}.Release|Any CPU.ActiveCfg = Release|Any CPU
		{344C5FD8-5B58-4994-BE62-E6AFB9D3A780}.Release|Any CPU.Build.0 = Release|Any CPU
	EndGlobalSection
	GlobalSection(SolutionProperties) = preSolution
		HideSolutionNode = FALSE
	EndGlobalSection
	GlobalSection(ExtensibilityGlobals) = postSolution
		SolutionGuid = {375BB631-C247-4A41-90E8-4379AF27C80E}
	EndGlobalSection
EndGlobal
